
Microsoft Visual Studio Solution File, Format Version 12.00
# Visual Studio Version 17
VisualStudioVersion = 17.9.34902.65
MinimumVisualStudioVersion = 10.0.40219.1
Project("{FAE04EC0-301F-11D3-BF4B-00C04F79EFBC}") = "PROG6221_POEPART2", "PROG6221_POEPART2.csproj", "{D31E5DB8-6631-4BA5-9CA0-08532C080A82}"
EndProject
Project("{FAE04EC0-301F-11D3-BF4B-00C04F79EFBC}") = "RecipeTests", "..\CLVD6211-POEPART2\RecipeTests\RecipeTests.csproj", "{56986E2D-B2CD-46A8-824A-1879973BDCB4}"
EndProject
Global
	GlobalSection(SolutionConfigurationPlatforms) = preSolution
		Debug|Any CPU = Debug|Any CPU
		Release|Any CPU = Release|Any CPU
	EndGlobalSection
	GlobalSection(ProjectConfigurationPlatforms) = postSolution
		{D31E5DB8-6631-4BA5-9CA0-08532C080A82}.Debug|Any CPU.ActiveCfg = Debug|Any CPU
		{D31E5DB8-6631-4BA5-9CA0-08532C080A82}.Debug|Any CPU.Build.0 = Debug|Any CPU
		{D31E5DB8-6631-4BA5-9CA0-08532C080A82}.Release|Any CPU.ActiveCfg = Release|Any CPU
		{D31E5DB8-6631-4BA5-9CA0-08532C080A82}.Release|Any CPU.Build.0 = Release|Any CPU
		{56986E2D-B2CD-46A8-824A-1879973BDCB4}.Debug|Any CPU.ActiveCfg = Debug|Any CPU
		{56986E2D-B2CD-46A8-824A-1879973BDCB4}.Debug|Any CPU.Build.0 = Debug|Any CPU
		{56986E2D-B2CD-46A8-824A-1879973BDCB4}.Release|Any CPU.ActiveCfg = Release|Any CPU
		{56986E2D-B2CD-46A8-824A-1879973BDCB4}.Release|Any CPU.Build.0 = Release|Any CPU
	EndGlobalSection
	GlobalSection(SolutionProperties) = preSolution
		HideSolutionNode = FALSE
	EndGlobalSection
	GlobalSection(ExtensibilityGlobals) = postSolution
		SolutionGuid = {085A69CA-6BBB-446A-A73C-91C79294E67B}
	EndGlobalSection
EndGlobal
